
Microsoft Visual Studio Solution File, Format Version 12.00
# Visual Studio Version 16
VisualStudioVersion = 16.0.31424.327
MinimumVisualStudioVersion = 10.0.40219.1
Project("{FAE04EC0-301F-11D3-BF4B-00C04F79EFBC}") = "Mosaico", "Mosaico\Mosaico.csproj", "{05F5086A-CFB0-4B8B-A867-C4C7D5DE3321}"
EndProject
Global
	GlobalSection(SolutionConfigurationPlatforms) = preSolution
		Debug|Any CPU = Debug|Any CPU
		Release|Any CPU = Release|Any CPU
	EndGlobalSection
	GlobalSection(ProjectConfigurationPlatforms) = postSolution
		{05F5086A-CFB0-4B8B-A867-C4C7D5DE3321}.Debug|Any CPU.ActiveCfg = Debug|Any CPU
		{05F5086A-CFB0-4B8B-A867-C4C7D5DE3321}.Debug|Any CPU.Build.0 = Debug|Any CPU
		{05F5086A-CFB0-4B8B-A867-C4C7D5DE3321}.Release|Any CPU.ActiveCfg = Release|Any CPU
		{05F5086A-CFB0-4B8B-A867-C4C7D5DE3321}.Release|Any CPU.Build.0 = Release|Any CPU
	EndGlobalSection
	GlobalSection(SolutionProperties) = preSolution
		HideSolutionNode = FALSE
	EndGlobalSection
	GlobalSection(ExtensibilityGlobals) = postSolution
		SolutionGuid = {23E83C63-1724-4B66-86B0-E2A54F4F014A}
	EndGlobalSection
EndGlobal
